
Microsoft Visual Studio Solution File, Format Version 12.00
# Visual Studio Version 16
VisualStudioVersion = 16.0.31515.178
MinimumVisualStudioVersion = 10.0.40219.1
Project("{FAE04EC0-301F-11D3-BF4B-00C04F79EFBC}") = "MvcOnlineTicariOtomasyon3", "MvcOnlineTicariOtomasyon3\MvcOnlineTicariOtomasyon3.csproj", "{A79878EA-8B67-446A-A408-85D365685915}"
EndProject
Global
	GlobalSection(SolutionConfigurationPlatforms) = preSolution
		Debug|Any CPU = Debug|Any CPU
		Release|Any CPU = Release|Any CPU
	EndGlobalSection
	GlobalSection(ProjectConfigurationPlatforms) = postSolution
		{A79878EA-8B67-446A-A408-85D365685915}.Debug|Any CPU.ActiveCfg = Debug|Any CPU
		{A79878EA-8B67-446A-A408-85D365685915}.Debug|Any CPU.Build.0 = Debug|Any CPU
		{A79878EA-8B67-446A-A408-85D365685915}.Release|Any CPU.ActiveCfg = Release|Any CPU
		{A79878EA-8B67-446A-A408-85D365685915}.Release|Any CPU.Build.0 = Release|Any CPU
	EndGlobalSection
	GlobalSection(SolutionProperties) = preSolution
		HideSolutionNode = FALSE
	EndGlobalSection
	GlobalSection(ExtensibilityGlobals) = postSolution
		SolutionGuid = {82D3F572-E17C-4F6C-85DF-FB18C8A2CDB0}
	EndGlobalSection
EndGlobal
